
Microsoft Visual Studio Solution File, Format Version 12.00
# Visual Studio 14
VisualStudioVersion = 14.0.25420.1
MinimumVisualStudioVersion = 10.0.40219.1
Project("{FAE04EC0-301F-11D3-BF4B-00C04F79EFBC}") = "GreetingsBot", "GreetingsBot\GreetingsBot.csproj", "{A8BA1066-5695-4D71-ABB4-65E5A5E0C3D4}"
EndProject
Project("{FAE04EC0-301F-11D3-BF4B-00C04F79EFBC}") = "GreetingsBotTests", "GreetingsBotTests\GreetingsBotTests.csproj", "{05CD4178-1631-4360-98AE-8EC6A6CA86EE}"
EndProject
Project("{FAE04EC0-301F-11D3-BF4B-00C04F79EFBC}") = "Wit.ai.net", "Wit.ai.net\Wit.ai.net.csproj", "{8D86965E-03FE-44B6-B55F-685849C3D68E}"
EndProject
Global
	GlobalSection(SolutionConfigurationPlatforms) = preSolution
		Debug|Any CPU = Debug|Any CPU
		Release|Any CPU = Release|Any CPU
	EndGlobalSection
	GlobalSection(ProjectConfigurationPlatforms) = postSolution
		{A8BA1066-5695-4D71-ABB4-65E5A5E0C3D4}.Debug|Any CPU.ActiveCfg = Debug|Any CPU
		{A8BA1066-5695-4D71-ABB4-65E5A5E0C3D4}.Debug|Any CPU.Build.0 = Debug|Any CPU
		{A8BA1066-5695-4D71-ABB4-65E5A5E0C3D4}.Release|Any CPU.ActiveCfg = Release|Any CPU
		{A8BA1066-5695-4D71-ABB4-65E5A5E0C3D4}.Release|Any CPU.Build.0 = Release|Any CPU
		{05CD4178-1631-4360-98AE-8EC6A6CA86EE}.Debug|Any CPU.ActiveCfg = Debug|Any CPU
		{05CD4178-1631-4360-98AE-8EC6A6CA86EE}.Debug|Any CPU.Build.0 = Debug|Any CPU
		{05CD4178-1631-4360-98AE-8EC6A6CA86EE}.Release|Any CPU.ActiveCfg = Release|Any CPU
		{05CD4178-1631-4360-98AE-8EC6A6CA86EE}.Release|Any CPU.Build.0 = Release|Any CPU
		{8D86965E-03FE-44B6-B55F-685849C3D68E}.Debug|Any CPU.ActiveCfg = Debug|Any CPU
		{8D86965E-03FE-44B6-B55F-685849C3D68E}.Debug|Any CPU.Build.0 = Debug|Any CPU
		{8D86965E-03FE-44B6-B55F-685849C3D68E}.Release|Any CPU.ActiveCfg = Release|Any CPU
		{8D86965E-03FE-44B6-B55F-685849C3D68E}.Release|Any CPU.Build.0 = Release|Any CPU
	EndGlobalSection
	GlobalSection(SolutionProperties) = preSolution
		HideSolutionNode = FALSE
	EndGlobalSection
	GlobalSection(TeamFoundationVersionControl) = preSolution
		SccNumberOfProjects = 4
		SccEnterpriseProvider = {4CA58AB2-18FA-4F8D-95D4-32DDF27D184C}
		SccTeamFoundationServer = https://mixvlad.visualstudio.com/
		SccLocalPath0 = .
		SccProjectUniqueName1 = GreetingsBot\\GreetingsBot.csproj
		SccProjectName1 = GreetingsBot
		SccLocalPath1 = GreetingsBot
		SccProjectUniqueName2 = GreetingsBotTests\\GreetingsBotTests.csproj
		SccProjectName2 = GreetingsBotTests
		SccLocalPath2 = GreetingsBotTests
		SccProjectUniqueName3 = Wit.ai.net\\Wit.ai.net.csproj
		SccProjectName3 = Wit.ai.net
		SccLocalPath3 = Wit.ai.net
	EndGlobalSection
EndGlobal
